
Microsoft Visual Studio Solution File, Format Version 12.00
# Visual Studio Version 16
VisualStudioVersion = 16.0.30804.86
MinimumVisualStudioVersion = 10.0.40219.1
Project("{FAE04EC0-301F-11D3-BF4B-00C04F79EFBC}") = "Shim.System.Numerics", "src\Shim.System.Numerics.csproj", "{2620D5F9-F7B0-4D71-989B-B298759FF1EF}"
EndProject
Project("{FAE04EC0-301F-11D3-BF4B-00C04F79EFBC}") = "Shim.System.NumericsTest", "test\Shim.System.NumericsTest.csproj", "{8BD16DF5-BE0C-4173-9508-FB9FA1A6837B}"
EndProject
Global
	GlobalSection(SolutionConfigurationPlatforms) = preSolution
		Debug|Any CPU = Debug|Any CPU
		Release|Any CPU = Release|Any CPU
	EndGlobalSection
	GlobalSection(ProjectConfigurationPlatforms) = postSolution
		{2620D5F9-F7B0-4D71-989B-B298759FF1EF}.Debug|Any CPU.ActiveCfg = Debug|Any CPU
		{2620D5F9-F7B0-4D71-989B-B298759FF1EF}.Debug|Any CPU.Build.0 = Debug|Any CPU
		{2620D5F9-F7B0-4D71-989B-B298759FF1EF}.Release|Any CPU.ActiveCfg = Release|Any CPU
		{2620D5F9-F7B0-4D71-989B-B298759FF1EF}.Release|Any CPU.Build.0 = Release|Any CPU
		{8BD16DF5-BE0C-4173-9508-FB9FA1A6837B}.Debug|Any CPU.ActiveCfg = Debug|Any CPU
		{8BD16DF5-BE0C-4173-9508-FB9FA1A6837B}.Debug|Any CPU.Build.0 = Debug|Any CPU
		{8BD16DF5-BE0C-4173-9508-FB9FA1A6837B}.Release|Any CPU.ActiveCfg = Release|Any CPU
		{8BD16DF5-BE0C-4173-9508-FB9FA1A6837B}.Release|Any CPU.Build.0 = Release|Any CPU
	EndGlobalSection
	GlobalSection(SolutionProperties) = preSolution
		HideSolutionNode = FALSE
	EndGlobalSection
	GlobalSection(ExtensibilityGlobals) = postSolution
		SolutionGuid = {8DA5887C-97B7-440C-9829-9658081D7BA3}
	EndGlobalSection
EndGlobal
